
Microsoft Visual Studio Solution File, Format Version 12.00
# Visual Studio Version 17
VisualStudioVersion = 17.11.35303.130
MinimumVisualStudioVersion = 10.0.40219.1
Project("{FAE04EC0-301F-11D3-BF4B-00C04F79EFBC}") = "OE-PMP-GYAK-05", "OE-PMP-GYAK-05.csproj", "{53C79613-437B-4782-8BE5-5C3E4AF10162}"
EndProject
Global
	GlobalSection(SolutionConfigurationPlatforms) = preSolution
		Debug|Any CPU = Debug|Any CPU
		Release|Any CPU = Release|Any CPU
	EndGlobalSection
	GlobalSection(ProjectConfigurationPlatforms) = postSolution
		{53C79613-437B-4782-8BE5-5C3E4AF10162}.Debug|Any CPU.ActiveCfg = Debug|Any CPU
		{53C79613-437B-4782-8BE5-5C3E4AF10162}.Debug|Any CPU.Build.0 = Debug|Any CPU
		{53C79613-437B-4782-8BE5-5C3E4AF10162}.Release|Any CPU.ActiveCfg = Release|Any CPU
		{53C79613-437B-4782-8BE5-5C3E4AF10162}.Release|Any CPU.Build.0 = Release|Any CPU
	EndGlobalSection
	GlobalSection(SolutionProperties) = preSolution
		HideSolutionNode = FALSE
	EndGlobalSection
	GlobalSection(ExtensibilityGlobals) = postSolution
		SolutionGuid = {35687725-EB53-4B26-8DD5-5A625544AAC6}
	EndGlobalSection
EndGlobal
